# This file is machine-generated by `gh actions-lock`.
# Do not edit by hand; run `gh actions-lock` to update.
# Docs: https://gh.io/actions-lockfile
version: 'v0.0.2'
workflows:
    '.github/workflows/governance.yml': []
    '.github/workflows/hypatia-scan.yml': []
    '.github/workflows/secret-scanner.yml': []
    '.github/workflows/runtime-policy.yml':
        - 'actions/checkout@v6.0.2'
    '.github/workflows/test.yml':
        - 'actions/checkout@v3.6.0'
        - 'erlef/setup-beam@v1.23.0'
dependencies:
    'actions/checkout@v3.6.0':
        ref: 'v3.6.0'
        commit: 'sha1-f43a0e5ff2bd294095638e18286ca9a3d1956744'
        owner_id: 44036562
        repo_id: 197814629
    'actions/checkout@v6.0.2':
        ref: 'v6.0.2'
        commit: 'sha1-de0fac2e4500dabe0009e67214ff5f5447ce83dd'
        owner_id: 44036562
        repo_id: 197814629
    'erlef/setup-beam@v1.23.0':
        ref: 'v1.23.0'
        commit: 'sha1-ee09b1e59bb240681c382eb1f0abc6a04af72764'
        owner_id: 47606891
        repo_id: 331103973
